
Microsoft Visual Studio Solution File, Format Version 12.00
# Visual Studio Version 16
VisualStudioVersion = 16.0.29318.209
MinimumVisualStudioVersion = 10.0.40219.1
Project("{FAE04EC0-301F-11D3-BF4B-00C04F79EFBC}") = "TestWebApp", "TestWebApp.csproj", "{1B3A2379-DF8B-4272-9FCA-1BD687C6ADAB}"
EndProject
Global
	GlobalSection(SolutionConfigurationPlatforms) = preSolution
		Debug|Any CPU = Debug|Any CPU
		Release|Any CPU = Release|Any CPU
	EndGlobalSection
	GlobalSection(ProjectConfigurationPlatforms) = postSolution
		{1B3A2379-DF8B-4272-9FCA-1BD687C6ADAB}.Debug|Any CPU.ActiveCfg = Debug|Any CPU
		{1B3A2379-DF8B-4272-9FCA-1BD687C6ADAB}.Debug|Any CPU.Build.0 = Debug|Any CPU
		{1B3A2379-DF8B-4272-9FCA-1BD687C6ADAB}.Release|Any CPU.ActiveCfg = Release|Any CPU
		{1B3A2379-DF8B-4272-9FCA-1BD687C6ADAB}.Release|Any CPU.Build.0 = Release|Any CPU
	EndGlobalSection
	GlobalSection(SolutionProperties) = preSolution
		HideSolutionNode = FALSE
	EndGlobalSection
	GlobalSection(ExtensibilityGlobals) = postSolution
		SolutionGuid = {AC7DF03D-1D64-4B4F-86D1-C57B8E4840BF}
	EndGlobalSection
EndGlobal
